
Microsoft Visual Studio Solution File, Format Version 12.00
# Visual Studio Version 16
VisualStudioVersion = 16.0.30011.22
MinimumVisualStudioVersion = 10.0.40219.1
Project("{9A19103F-16F7-4668-BE54-9A1E7A4F7556}") = "AngularCoreApi", "AngularCoreApi\AngularCoreApi.csproj", "{FFC9DF47-2099-4EAB-BB98-BEADF4A7A230}"
EndProject
Project("{9A19103F-16F7-4668-BE54-9A1E7A4F7556}") = "DataAccess", "DataAccess\DataAccess.csproj", "{BF3C67BD-8E53-4B4D-95CF-3BDDDA4393BB}"
EndProject
Project("{FAE04EC0-301F-11D3-BF4B-00C04F79EFBC}") = "DataAccess.Interface", "DataAccess.Interface\DataAccess.Interface.csproj", "{A73441DC-070B-405B-A935-90D2259D000B}"
EndProject
Project("{FAE04EC0-301F-11D3-BF4B-00C04F79EFBC}") = "DataAccess.Model", "DataAccess.Model\DataAccess.Model.csproj", "{FFAFCFAF-1BFD-4F0C-A39A-5A4EABFD2075}"
EndProject
Project("{FAE04EC0-301F-11D3-BF4B-00C04F79EFBC}") = "MapperProfiles", "MapperProfiles\MapperProfiles.csproj", "{52862B54-82A9-446D-84FE-AE3D615213A5}"
EndProject
Project("{FAE04EC0-301F-11D3-BF4B-00C04F79EFBC}") = "AngularCoreApi.Model", "AngularCoreApi.Model\AngularCoreApi.Model.csproj", "{6E5E80CA-7C52-45C7-8223-03BE78581691}"
EndProject
Global
	GlobalSection(SolutionConfigurationPlatforms) = preSolution
		Debug|Any CPU = Debug|Any CPU
		Release|Any CPU = Release|Any CPU
	EndGlobalSection
	GlobalSection(ProjectConfigurationPlatforms) = postSolution
		{FFC9DF47-2099-4EAB-BB98-BEADF4A7A230}.Debug|Any CPU.ActiveCfg = Debug|Any CPU
		{FFC9DF47-2099-4EAB-BB98-BEADF4A7A230}.Debug|Any CPU.Build.0 = Debug|Any CPU
		{FFC9DF47-2099-4EAB-BB98-BEADF4A7A230}.Release|Any CPU.ActiveCfg = Release|Any CPU
		{FFC9DF47-2099-4EAB-BB98-BEADF4A7A230}.Release|Any CPU.Build.0 = Release|Any CPU
		{BF3C67BD-8E53-4B4D-95CF-3BDDDA4393BB}.Debug|Any CPU.ActiveCfg = Debug|Any CPU
		{BF3C67BD-8E53-4B4D-95CF-3BDDDA4393BB}.Debug|Any CPU.Build.0 = Debug|Any CPU
		{BF3C67BD-8E53-4B4D-95CF-3BDDDA4393BB}.Release|Any CPU.ActiveCfg = Release|Any CPU
		{BF3C67BD-8E53-4B4D-95CF-3BDDDA4393BB}.Release|Any CPU.Build.0 = Release|Any CPU
		{A73441DC-070B-405B-A935-90D2259D000B}.Debug|Any CPU.ActiveCfg = Debug|Any CPU
		{A73441DC-070B-405B-A935-90D2259D000B}.Debug|Any CPU.Build.0 = Debug|Any CPU
		{A73441DC-070B-405B-A935-90D2259D000B}.Release|Any CPU.ActiveCfg = Release|Any CPU
		{A73441DC-070B-405B-A935-90D2259D000B}.Release|Any CPU.Build.0 = Release|Any CPU
		{FFAFCFAF-1BFD-4F0C-A39A-5A4EABFD2075}.Debug|Any CPU.ActiveCfg = Debug|Any CPU
		{FFAFCFAF-1BFD-4F0C-A39A-5A4EABFD2075}.Debug|Any CPU.Build.0 = Debug|Any CPU
		{FFAFCFAF-1BFD-4F0C-A39A-5A4EABFD2075}.Release|Any CPU.ActiveCfg = Release|Any CPU
		{FFAFCFAF-1BFD-4F0C-A39A-5A4EABFD2075}.Release|Any CPU.Build.0 = Release|Any CPU
		{52862B54-82A9-446D-84FE-AE3D615213A5}.Debug|Any CPU.ActiveCfg = Debug|Any CPU
		{52862B54-82A9-446D-84FE-AE3D615213A5}.Debug|Any CPU.Build.0 = Debug|Any CPU
		{52862B54-82A9-446D-84FE-AE3D615213A5}.Release|Any CPU.ActiveCfg = Release|Any CPU
		{52862B54-82A9-446D-84FE-AE3D615213A5}.Release|Any CPU.Build.0 = Release|Any CPU
		{6E5E80CA-7C52-45C7-8223-03BE78581691}.Debug|Any CPU.ActiveCfg = Debug|Any CPU
		{6E5E80CA-7C52-45C7-8223-03BE78581691}.Debug|Any CPU.Build.0 = Debug|Any CPU
		{6E5E80CA-7C52-45C7-8223-03BE78581691}.Release|Any CPU.ActiveCfg = Release|Any CPU
		{6E5E80CA-7C52-45C7-8223-03BE78581691}.Release|Any CPU.Build.0 = Release|Any CPU
	EndGlobalSection
	GlobalSection(SolutionProperties) = preSolution
		HideSolutionNode = FALSE
	EndGlobalSection
	GlobalSection(ExtensibilityGlobals) = postSolution
		SolutionGuid = {3B2A7BDD-C911-4009-A5E8-31BF27982F02}
	EndGlobalSection
EndGlobal
